github.com/google/go-dap v0.12.0 h1:rVcjv3SyMIrpaOoTAdFDyHs99CwVOItIJGKLQFQhNeM=
github.com/google/go-dap v0.12.0/go.mod h1:tNjCASCm5cqePi/RVXXWEVqtnNLV1KTWtYOqu6rZNzc=
github.com/moritz-tiesler/monkey v0.0.0-20240429162846-03e5b077ce52 h1:Si/nVuHd0Etsh2kuy2wSOtGpGm9x9/E/CUuHy/OglJE=
github.com/moritz-tiesler/monkey v0.0.0-20240429162846-03e5b077ce52/go.mod h1:J11VuYMl3FWfEb0afvWhbI2sGv9O9F47GoUsx2gCGGw=
github.com/moritz-tiesler/monkey v0.0.0-20240503104915-324dd6cd8c29 h1:D6vIvyhoSZqQf400jMZHCTz1jG36XMykX/NS9CGG4/w=
github.com/moritz-tiesler/monkey v0.0.0-20240503104915-324dd6cd8c29/go.mod h1:J11VuYMl3FWfEb0afvWhbI2sGv9O9F47GoUsx2gCGGw=
github.com/moritz-tiesler/monkey v0.0.0-20240503112435-d1d569de697a h1:L0k0b/MgZ/u/L2H1LRJmo73+h8er/ACysVMLbVPP57Q=
github.com/moritz-tiesler/monkey v0.0.0-20240503112435-d1d569de697a/go.mod h1:J11VuYMl3FWfEb0afvWhbI2sGv9O9F47GoUsx2gCGGw=
github.com/moritz-tiesler/monkey v0.0.0-20240503172036-312c45e3b551 h1:o7M8dys1TyFEGRcNDHR6PgXkpyBl30PWZ9MNEEbQpf8=
github.com/moritz-tiesler/monkey v0.0.0-20240503172036-312c45e3b551/go.mod h1:J11VuYMl3FWfEb0afvWhbI2sGv9O9F47GoUsx2gCGGw=
github.com/moritz-tiesler/monkey v0.0.0-20240503172409-effa2ec9412e h1:GGemqQqPBSCUU3ZnDjKFpHqZK6GGQa8Mqfh6gnXCSqE=
github.com/moritz-tiesler/monkey v0.0.0-20240503172409-effa2ec9412e/go.mod h1:J11VuYMl3FWfEb0afvWhbI2sGv9O9F47GoUsx2gCGGw=
github.com/moritz-tiesler/monkey v0.0.0-20240504181544-4b5e2dc7919f h1:X/Ff8hbOAHBlvXcdYDWkVTY6bOwQwk+edz/8A4I2xB4=
github.com/moritz-tiesler/monkey v0.0.0-20240504181544-4b5e2dc7919f/go.mod h1:J11VuYMl3FWfEb0afvWhbI2sGv9O9F47GoUsx2gCGGw=
github.com/moritz-tiesler/monkey v0.0.0-20240504182334-36f37acde98b h1:YIKyESs2oV0rwRW08p0VS266fecUVz4NEpo992Tv5HA=
github.com/moritz-tiesler/monkey v0.0.0-20240504182334-36f37acde98b/go.mod h1:J11VuYMl3FWfEb0afvWhbI2sGv9O9F47GoUsx2gCGGw=
github.com/moritz-tiesler/monkey v0.0.0-20240504192524-9136b228d480 h1:gl2Z7NvW9CN8tQ2nx2NagF5v2Yt3idX7Fmkie7R+9mw=
github.com/moritz-tiesler/monkey v0.0.0-20240504192524-9136b228d480/go.mod h1:J11VuYMl3FWfEb0afvWhbI2sGv9O9F47GoUsx2gCGGw=
